
Microsoft Visual Studio Solution File, Format Version 12.00
# Visual Studio Version 16
VisualStudioVersion = 16.0.30711.63
MinimumVisualStudioVersion = 15.0.26124.0
Project("{9A19103F-16F7-4668-BE54-9A1E7A4F7556}") = "AOC.Day01", "src\AOC.Day01\AOC.Day01.csproj", "{FC320242-4F10-415B-8EEB-9EE741D36EB7}"
EndProject
Project("{9A19103F-16F7-4668-BE54-9A1E7A4F7556}") = "AOC.Shared", "src\AOC.Shared\AOC.Shared.csproj", "{66A801AC-E514-42B5-96D2-D5668FC4D06D}"
EndProject
Project("{9A19103F-16F7-4668-BE54-9A1E7A4F7556}") = "AOC.Tests", "src\AOC.Tests\AOC.Tests.csproj", "{9A27A138-EFD5-49DD-9EC9-0404D8025211}"
EndProject
Project("{2150E333-8FDC-42A3-9474-1A3956D46DE8}") = "Solution Files", "Solution Files", "{4F0B35C9-5492-43C3-B834-E53120AE837C}"
	ProjectSection(SolutionItems) = preProject
		.editorconfig = .editorconfig
		.gitignore = .gitignore
		Directory.Build.props = Directory.Build.props
		Directory.Build.targets = Directory.Build.targets
		README.md = README.md
	EndProjectSection
EndProject
Project("{9A19103F-16F7-4668-BE54-9A1E7A4F7556}") = "AOC.Day02", "src\AOC.Day02\AOC.Day02.csproj", "{C416570A-3627-4230-8357-4089F54AF097}"
EndProject
Project("{9A19103F-16F7-4668-BE54-9A1E7A4F7556}") = "AOC.Day03", "src\AOC.Day03\AOC.Day03.csproj", "{2E2AE59A-C36E-4780-8CDC-EB2121F0F111}"
EndProject
Project("{FAE04EC0-301F-11D3-BF4B-00C04F79EFBC}") = "AOC.Day04", "src\AOC.Day04\AOC.Day04.csproj", "{7204B2A4-EDE8-48D5-BE2F-B791A78FD44C}"
EndProject
Project("{FAE04EC0-301F-11D3-BF4B-00C04F79EFBC}") = "AOC.Day05", "src\AOC.Day05\AOC.Day05.csproj", "{E30F3902-F1E7-4AED-8633-855C2DA4A611}"
EndProject
Project("{FAE04EC0-301F-11D3-BF4B-00C04F79EFBC}") = "AOC.Day06", "src\AOC.Day06\AOC.Day06.csproj", "{2B45FA14-FF2D-4F0C-9048-8F9FFCCD806B}"
EndProject
Project("{FAE04EC0-301F-11D3-BF4B-00C04F79EFBC}") = "AOC.Day06.ForKamil", "src\AOC.Day06.ForKamil\AOC.Day06.ForKamil.csproj", "{BA62B897-2DE1-42DB-80FE-D50AFC3D9FF1}"
EndProject
Global
	GlobalSection(SolutionConfigurationPlatforms) = preSolution
		Debug|Any CPU = Debug|Any CPU
		Debug|x64 = Debug|x64
		Debug|x86 = Debug|x86
		Release|Any CPU = Release|Any CPU
		Release|x64 = Release|x64
		Release|x86 = Release|x86
	EndGlobalSection
	GlobalSection(ProjectConfigurationPlatforms) = postSolution
		{FC320242-4F10-415B-8EEB-9EE741D36EB7}.Debug|Any CPU.ActiveCfg = Debug|Any CPU
		{FC320242-4F10-415B-8EEB-9EE741D36EB7}.Debug|Any CPU.Build.0 = Debug|Any CPU
		{FC320242-4F10-415B-8EEB-9EE741D36EB7}.Debug|x64.ActiveCfg = Debug|Any CPU
		{FC320242-4F10-415B-8EEB-9EE741D36EB7}.Debug|x64.Build.0 = Debug|Any CPU
		{FC320242-4F10-415B-8EEB-9EE741D36EB7}.Debug|x86.ActiveCfg = Debug|Any CPU
		{FC320242-4F10-415B-8EEB-9EE741D36EB7}.Debug|x86.Build.0 = Debug|Any CPU
		{FC320242-4F10-415B-8EEB-9EE741D36EB7}.Release|Any CPU.ActiveCfg = Release|Any CPU
		{FC320242-4F10-415B-8EEB-9EE741D36EB7}.Release|Any CPU.Build.0 = Release|Any CPU
		{FC320242-4F10-415B-8EEB-9EE741D36EB7}.Release|x64.ActiveCfg = Release|Any CPU
		{FC320242-4F10-415B-8EEB-9EE741D36EB7}.Release|x64.Build.0 = Release|Any CPU
		{FC320242-4F10-415B-8EEB-9EE741D36EB7}.Release|x86.ActiveCfg = Release|Any CPU
		{FC320242-4F10-415B-8EEB-9EE741D36EB7}.Release|x86.Build.0 = Release|Any CPU
		{66A801AC-E514-42B5-96D2-D5668FC4D06D}.Debug|Any CPU.ActiveCfg = Debug|Any CPU
		{66A801AC-E514-42B5-96D2-D5668FC4D06D}.Debug|Any CPU.Build.0 = Debug|Any CPU
		{66A801AC-E514-42B5-96D2-D5668FC4D06D}.Debug|x64.ActiveCfg = Debug|Any CPU
		{66A801AC-E514-42B5-96D2-D5668FC4D06D}.Debug|x64.Build.0 = Debug|Any CPU
		{66A801AC-E514-42B5-96D2-D5668FC4D06D}.Debug|x86.ActiveCfg = Debug|Any CPU
		{66A801AC-E514-42B5-96D2-D5668FC4D06D}.Debug|x86.Build.0 = Debug|Any CPU
		{66A801AC-E514-42B5-96D2-D5668FC4D06D}.Release|Any CPU.ActiveCfg = Release|Any CPU
		{66A801AC-E514-42B5-96D2-D5668FC4D06D}.Release|Any CPU.Build.0 = Release|Any CPU
		{66A801AC-E514-42B5-96D2-D5668FC4D06D}.Release|x64.ActiveCfg = Release|Any CPU
		{66A801AC-E514-42B5-96D2-D5668FC4D06D}.Release|x64.Build.0 = Release|Any CPU
		{66A801AC-E514-42B5-96D2-D5668FC4D06D}.Release|x86.ActiveCfg = Release|Any CPU
		{66A801AC-E514-42B5-96D2-D5668FC4D06D}.Release|x86.Build.0 = Release|Any CPU
		{9A27A138-EFD5-49DD-9EC9-0404D8025211}.Debug|Any CPU.ActiveCfg = Debug|Any CPU
		{9A27A138-EFD5-49DD-9EC9-0404D8025211}.Debug|Any CPU.Build.0 = Debug|Any CPU
		{9A27A138-EFD5-49DD-9EC9-0404D8025211}.Debug|x64.ActiveCfg = Debug|Any CPU
		{9A27A138-EFD5-49DD-9EC9-0404D8025211}.Debug|x64.Build.0 = Debug|Any CPU
		{9A27A138-EFD5-49DD-9EC9-0404D8025211}.Debug|x86.ActiveCfg = Debug|Any CPU
		{9A27A138-EFD5-49DD-9EC9-0404D8025211}.Debug|x86.Build.0 = Debug|Any CPU
		{9A27A138-EFD5-49DD-9EC9-0404D8025211}.Release|Any CPU.ActiveCfg = Release|Any CPU
		{9A27A138-EFD5-49DD-9EC9-0404D8025211}.Release|Any CPU.Build.0 = Release|Any CPU
		{9A27A138-EFD5-49DD-9EC9-0404D8025211}.Release|x64.ActiveCfg = Release|Any CPU
		{9A27A138-EFD5-49DD-9EC9-0404D8025211}.Release|x64.Build.0 = Release|Any CPU
		{9A27A138-EFD5-49DD-9EC9-0404D8025211}.Release|x86.ActiveCfg = Release|Any CPU
		{9A27A138-EFD5-49DD-9EC9-0404D8025211}.Release|x86.Build.0 = Release|Any CPU
		{C416570A-3627-4230-8357-4089F54AF097}.Debug|Any CPU.ActiveCfg = Debug|Any CPU
		{C416570A-3627-4230-8357-4089F54AF097}.Debug|Any CPU.Build.0 = Debug|Any CPU
		{C416570A-3627-4230-8357-4089F54AF097}.Debug|x64.ActiveCfg = Debug|Any CPU
		{C416570A-3627-4230-8357-4089F54AF097}.Debug|x64.Build.0 = Debug|Any CPU
		{C416570A-3627-4230-8357-4089F54AF097}.Debug|x86.ActiveCfg = Debug|Any CPU
		{C416570A-3627-4230-8357-4089F54AF097}.Debug|x86.Build.0 = Debug|Any CPU
		{C416570A-3627-4230-8357-4089F54AF097}.Release|Any CPU.ActiveCfg = Release|Any CPU
		{C416570A-3627-4230-8357-4089F54AF097}.Release|Any CPU.Build.0 = Release|Any CPU
		{C416570A-3627-4230-8357-4089F54AF097}.Release|x64.ActiveCfg = Release|Any CPU
		{C416570A-3627-4230-8357-4089F54AF097}.Release|x64.Build.0 = Release|Any CPU
		{C416570A-3627-4230-8357-4089F54AF097}.Release|x86.ActiveCfg = Release|Any CPU
		{C416570A-3627-4230-8357-4089F54AF097}.Release|x86.Build.0 = Release|Any CPU
		{2E2AE59A-C36E-4780-8CDC-EB2121F0F111}.Debug|Any CPU.ActiveCfg = Debug|Any CPU
		{2E2AE59A-C36E-4780-8CDC-EB2121F0F111}.Debug|Any CPU.Build.0 = Debug|Any CPU
		{2E2AE59A-C36E-4780-8CDC-EB2121F0F111}.Debug|x64.ActiveCfg = Debug|Any CPU
		{2E2AE59A-C36E-4780-8CDC-EB2121F0F111}.Debug|x64.Build.0 = Debug|Any CPU
		{2E2AE59A-C36E-4780-8CDC-EB2121F0F111}.Debug|x86.ActiveCfg = Debug|Any CPU
		{2E2AE59A-C36E-4780-8CDC-EB2121F0F111}.Debug|x86.Build.0 = Debug|Any CPU
		{2E2AE59A-C36E-4780-8CDC-EB2121F0F111}.Release|Any CPU.ActiveCfg = Release|Any CPU
		{2E2AE59A-C36E-4780-8CDC-EB2121F0F111}.Release|Any CPU.Build.0 = Release|Any CPU
		{2E2AE59A-C36E-4780-8CDC-EB2121F0F111}.Release|x64.ActiveCfg = Release|Any CPU
		{2E2AE59A-C36E-4780-8CDC-EB2121F0F111}.Release|x64.Build.0 = Release|Any CPU
		{2E2AE59A-C36E-4780-8CDC-EB2121F0F111}.Release|x86.ActiveCfg = Release|Any CPU
		{2E2AE59A-C36E-4780-8CDC-EB2121F0F111}.Release|x86.Build.0 = Release|Any CPU
		{7204B2A4-EDE8-48D5-BE2F-B791A78FD44C}.Debug|Any CPU.ActiveCfg = Debug|Any CPU
		{7204B2A4-EDE8-48D5-BE2F-B791A78FD44C}.Debug|Any CPU.Build.0 = Debug|Any CPU
		{7204B2A4-EDE8-48D5-BE2F-B791A78FD44C}.Debug|x64.ActiveCfg = Debug|Any CPU
		{7204B2A4-EDE8-48D5-BE2F-B791A78FD44C}.Debug|x64.Build.0 = Debug|Any CPU
		{7204B2A4-EDE8-48D5-BE2F-B791A78FD44C}.Debug|x86.ActiveCfg = Debug|Any CPU
		{7204B2A4-EDE8-48D5-BE2F-B791A78FD44C}.Debug|x86.Build.0 = Debug|Any CPU
		{7204B2A4-EDE8-48D5-BE2F-B791A78FD44C}.Release|Any CPU.ActiveCfg = Release|Any CPU
		{7204B2A4-EDE8-48D5-BE2F-B791A78FD44C}.Release|Any CPU.Build.0 = Release|Any CPU
		{7204B2A4-EDE8-48D5-BE2F-B791A78FD44C}.Release|x64.ActiveCfg = Release|Any CPU
		{7204B2A4-EDE8-48D5-BE2F-B791A78FD44C}.Release|x64.Build.0 = Release|Any CPU
		{7204B2A4-EDE8-48D5-BE2F-B791A78FD44C}.Release|x86.ActiveCfg = Release|Any CPU
		{7204B2A4-EDE8-48D5-BE2F-B791A78FD44C}.Release|x86.Build.0 = Release|Any CPU
		{E30F3902-F1E7-4AED-8633-855C2DA4A611}.Debug|Any CPU.ActiveCfg = Debug|Any CPU
		{E30F3902-F1E7-4AED-8633-855C2DA4A611}.Debug|Any CPU.Build.0 = Debug|Any CPU
		{E30F3902-F1E7-4AED-8633-855C2DA4A611}.Debug|x64.ActiveCfg = Debug|Any CPU
		{E30F3902-F1E7-4AED-8633-855C2DA4A611}.Debug|x64.Build.0 = Debug|Any CPU
		{E30F3902-F1E7-4AED-8633-855C2DA4A611}.Debug|x86.ActiveCfg = Debug|Any CPU
		{E30F3902-F1E7-4AED-8633-855C2DA4A611}.Debug|x86.Build.0 = Debug|Any CPU
		{E30F3902-F1E7-4AED-8633-855C2DA4A611}.Release|Any CPU.ActiveCfg = Release|Any CPU
		{E30F3902-F1E7-4AED-8633-855C2DA4A611}.Release|Any CPU.Build.0 = Release|Any CPU
		{E30F3902-F1E7-4AED-8633-855C2DA4A611}.Release|x64.ActiveCfg = Release|Any CPU
		{E30F3902-F1E7-4AED-8633-855C2DA4A611}.Release|x64.Build.0 = Release|Any CPU
		{E30F3902-F1E7-4AED-8633-855C2DA4A611}.Release|x86.ActiveCfg = Release|Any CPU
		{E30F3902-F1E7-4AED-8633-855C2DA4A611}.Release|x86.Build.0 = Release|Any CPU
		{2B45FA14-FF2D-4F0C-9048-8F9FFCCD806B}.Debug|Any CPU.ActiveCfg = Debug|Any CPU
		{2B45FA14-FF2D-4F0C-9048-8F9FFCCD806B}.Debug|Any CPU.Build.0 = Debug|Any CPU
		{2B45FA14-FF2D-4F0C-9048-8F9FFCCD806B}.Debug|x64.ActiveCfg = Debug|Any CPU
		{2B45FA14-FF2D-4F0C-9048-8F9FFCCD806B}.Debug|x64.Build.0 = Debug|Any CPU
		{2B45FA14-FF2D-4F0C-9048-8F9FFCCD806B}.Debug|x86.ActiveCfg = Debug|Any CPU
		{2B45FA14-FF2D-4F0C-9048-8F9FFCCD806B}.Debug|x86.Build.0 = Debug|Any CPU
		{2B45FA14-FF2D-4F0C-9048-8F9FFCCD806B}.Release|Any CPU.ActiveCfg = Release|Any CPU
		{2B45FA14-FF2D-4F0C-9048-8F9FFCCD806B}.Release|Any CPU.Build.0 = Release|Any CPU
		{2B45FA14-FF2D-4F0C-9048-8F9FFCCD806B}.Release|x64.ActiveCfg = Release|Any CPU
		{2B45FA14-FF2D-4F0C-9048-8F9FFCCD806B}.Release|x64.Build.0 = Release|Any CPU
		{2B45FA14-FF2D-4F0C-9048-8F9FFCCD806B}.Release|x86.ActiveCfg = Release|Any CPU
		{2B45FA14-FF2D-4F0C-9048-8F9FFCCD806B}.Release|x86.Build.0 = Release|Any CPU
		{BA62B897-2DE1-42DB-80FE-D50AFC3D9FF1}.Debug|Any CPU.ActiveCfg = Debug|Any CPU
		{BA62B897-2DE1-42DB-80FE-D50AFC3D9FF1}.Debug|Any CPU.Build.0 = Debug|Any CPU
		{BA62B897-2DE1-42DB-80FE-D50AFC3D9FF1}.Debug|x64.ActiveCfg = Debug|Any CPU
		{BA62B897-2DE1-42DB-80FE-D50AFC3D9FF1}.Debug|x64.Build.0 = Debug|Any CPU
		{BA62B897-2DE1-42DB-80FE-D50AFC3D9FF1}.Debug|x86.ActiveCfg = Debug|Any CPU
		{BA62B897-2DE1-42DB-80FE-D50AFC3D9FF1}.Debug|x86.Build.0 = Debug|Any CPU
		{BA62B897-2DE1-42DB-80FE-D50AFC3D9FF1}.Release|Any CPU.ActiveCfg = Release|Any CPU
		{BA62B897-2DE1-42DB-80FE-D50AFC3D9FF1}.Release|Any CPU.Build.0 = Release|Any CPU
		{BA62B897-2DE1-42DB-80FE-D50AFC3D9FF1}.Release|x64.ActiveCfg = Release|Any CPU
		{BA62B897-2DE1-42DB-80FE-D50AFC3D9FF1}.Release|x64.Build.0 = Release|Any CPU
		{BA62B897-2DE1-42DB-80FE-D50AFC3D9FF1}.Release|x86.ActiveCfg = Release|Any CPU
		{BA62B897-2DE1-42DB-80FE-D50AFC3D9FF1}.Release|x86.Build.0 = Release|Any CPU
	EndGlobalSection
	GlobalSection(SolutionProperties) = preSolution
		HideSolutionNode = FALSE
	EndGlobalSection
	GlobalSection(ExtensibilityGlobals) = postSolution
		SolutionGuid = {A79BDB5D-6A2A-48A6-B889-A06AB0225A1E}
	EndGlobalSection
EndGlobal
