
Microsoft Visual Studio Solution File, Format Version 12.00
# Visual Studio Version 16
VisualStudioVersion = 16.0.30711.63
MinimumVisualStudioVersion = 15.0.26124.0
Project("{9A19103F-16F7-4668-BE54-9A1E7A4F7556}") = "AOC.Day01", "src\AOC.Day01\AOC.Day01.csproj", "{FC320242-4F10-415B-8EEB-9EE741D36EB7}"
EndProject
Project("{9A19103F-16F7-4668-BE54-9A1E7A4F7556}") = "AOC.Shared", "src\AOC.Shared\AOC.Shared.csproj", "{66A801AC-E514-42B5-96D2-D5668FC4D06D}"
EndProject
Project("{9A19103F-16F7-4668-BE54-9A1E7A4F7556}") = "AOC.Tests", "src\AOC.Tests\AOC.Tests.csproj", "{9A27A138-EFD5-49DD-9EC9-0404D8025211}"
EndProject
Project("{2150E333-8FDC-42A3-9474-1A3956D46DE8}") = "Solution Files", "Solution Files", "{4F0B35C9-5492-43C3-B834-E53120AE837C}"
	ProjectSection(SolutionItems) = preProject
		.editorconfig = .editorconfig
		.gitignore = .gitignore
		Directory.Build.props = Directory.Build.props
		Directory.Build.targets = Directory.Build.targets
		README.md = README.md
	EndProjectSection
EndProject
Project("{9A19103F-16F7-4668-BE54-9A1E7A4F7556}") = "AOC.Day02", "src\AOC.Day02\AOC.Day02.csproj", "{C416570A-3627-4230-8357-4089F54AF097}"
EndProject
Project("{9A19103F-16F7-4668-BE54-9A1E7A4F7556}") = "AOC.Day03", "src\AOC.Day03\AOC.Day03.csproj", "{2E2AE59A-C36E-4780-8CDC-EB2121F0F111}"
EndProject
Project("{9A19103F-16F7-4668-BE54-9A1E7A4F7556}") = "AOC.Day04", "src\AOC.Day04\AOC.Day04.csproj", "{7204B2A4-EDE8-48D5-BE2F-B791A78FD44C}"
EndProject
Project("{9A19103F-16F7-4668-BE54-9A1E7A4F7556}") = "AOC.Day05", "src\AOC.Day05\AOC.Day05.csproj", "{E30F3902-F1E7-4AED-8633-855C2DA4A611}"
EndProject
Project("{9A19103F-16F7-4668-BE54-9A1E7A4F7556}") = "AOC.Day06", "src\AOC.Day06\AOC.Day06.csproj", "{2B45FA14-FF2D-4F0C-9048-8F9FFCCD806B}"
EndProject
Project("{9A19103F-16F7-4668-BE54-9A1E7A4F7556}") = "AOC.Day06.ForKamil", "src\AOC.Day06.ForKamil\AOC.Day06.ForKamil.csproj", "{BA62B897-2DE1-42DB-80FE-D50AFC3D9FF1}"
EndProject
Project("{9A19103F-16F7-4668-BE54-9A1E7A4F7556}") = "AOC.Day07", "src\AOC.Day07\AOC.Day07.csproj", "{8E5FC4FD-F5DD-4BAF-BECE-0493C75C12DB}"
EndProject
Project("{FAE04EC0-301F-11D3-BF4B-00C04F79EFBC}") = "AOC.Day08", "src\AOC.Day08\AOC.Day08.csproj", "{83F1AAA5-EF15-485E-A684-1A65A286797D}"
EndProject
Project("{9A19103F-16F7-4668-BE54-9A1E7A4F7556}") = "AOC.Day08.ForKamil", "src\AOC.Day08.ForKamil\AOC.Day08.ForKamil.csproj", "{930981E2-1BBA-4DF0-B6FE-110AB9833DA2}"
EndProject
Project("{9A19103F-16F7-4668-BE54-9A1E7A4F7556}") = "AOC.Day09", "src\AOC.Day09\AOC.Day09.csproj", "{9C826328-D03B-461A-BB24-26559A4717D2}"
EndProject
Project("{9A19103F-16F7-4668-BE54-9A1E7A4F7556}") = "AOC.Day10", "src\AOC.Day10\AOC.Day10.csproj", "{FB352FF2-45E0-4656-964C-95C6B01905E3}"
EndProject
Project("{9A19103F-16F7-4668-BE54-9A1E7A4F7556}") = "AOC.Day11", "src\AOC.Day11\AOC.Day11.csproj", "{71B93685-A36A-42F6-ADAC-51F74E593C33}"
EndProject
Project("{9A19103F-16F7-4668-BE54-9A1E7A4F7556}") = "AOC.Day12", "src\AOC.Day12\AOC.Day12.csproj", "{02C9E9B5-B225-44F7-BBF5-2644E17AA175}"
EndProject
Project("{9A19103F-16F7-4668-BE54-9A1E7A4F7556}") = "AOC.Day13", "src\AOC.Day13\AOC.Day13.csproj", "{83B6E87F-45D8-422A-B17F-1073658E31BB}"
EndProject
Project("{9A19103F-16F7-4668-BE54-9A1E7A4F7556}") = "AOC.Day14", "src\AOC.Day14\AOC.Day14.csproj", "{A6A077A0-D0E0-41C2-B8A1-FA92AB504896}"
EndProject
Project("{9A19103F-16F7-4668-BE54-9A1E7A4F7556}") = "AOC.Day15", "src\AOC.Day15\AOC.Day15.csproj", "{94B6117C-4669-473A-8D02-0F59FC34824A}"
EndProject
Project("{9A19103F-16F7-4668-BE54-9A1E7A4F7556}") = "AOC.Day16", "src\AOC.Day16\AOC.Day16.csproj", "{0FF045DA-BA5D-4EFA-908F-5DA505E0F6F0}"
EndProject
Project("{9A19103F-16F7-4668-BE54-9A1E7A4F7556}") = "AOC.Day17", "src\AOC.Day17\AOC.Day17.csproj", "{3C053022-5189-4F8E-9337-47A12D58434B}"
EndProject
Project("{9A19103F-16F7-4668-BE54-9A1E7A4F7556}") = "AOC.Day18", "src\AOC.Day18\AOC.Day18.csproj", "{2426A0AE-3239-449E-A9C0-315025B2BBC0}"
EndProject
Project("{FAE04EC0-301F-11D3-BF4B-00C04F79EFBC}") = "AOC.Day19", "src\AOC.Day19\AOC.Day19.csproj", "{7A3489E2-D70C-417F-9250-5414104A48FD}"
EndProject
Project("{FAE04EC0-301F-11D3-BF4B-00C04F79EFBC}") = "AOC.Day20", "src\AOC.Day20\AOC.Day20.csproj", "{E1670ACF-1607-4F27-9D72-2785ADE4154F}"
EndProject
Global
	GlobalSection(SolutionConfigurationPlatforms) = preSolution
		Debug|Any CPU = Debug|Any CPU
		Debug|x64 = Debug|x64
		Debug|x86 = Debug|x86
		Release|Any CPU = Release|Any CPU
		Release|x64 = Release|x64
		Release|x86 = Release|x86
	EndGlobalSection
	GlobalSection(ProjectConfigurationPlatforms) = postSolution
		{FC320242-4F10-415B-8EEB-9EE741D36EB7}.Debug|Any CPU.ActiveCfg = Debug|Any CPU
		{FC320242-4F10-415B-8EEB-9EE741D36EB7}.Debug|Any CPU.Build.0 = Debug|Any CPU
		{FC320242-4F10-415B-8EEB-9EE741D36EB7}.Debug|x64.ActiveCfg = Debug|Any CPU
		{FC320242-4F10-415B-8EEB-9EE741D36EB7}.Debug|x64.Build.0 = Debug|Any CPU
		{FC320242-4F10-415B-8EEB-9EE741D36EB7}.Debug|x86.ActiveCfg = Debug|Any CPU
		{FC320242-4F10-415B-8EEB-9EE741D36EB7}.Debug|x86.Build.0 = Debug|Any CPU
		{FC320242-4F10-415B-8EEB-9EE741D36EB7}.Release|Any CPU.ActiveCfg = Release|Any CPU
		{FC320242-4F10-415B-8EEB-9EE741D36EB7}.Release|Any CPU.Build.0 = Release|Any CPU
		{FC320242-4F10-415B-8EEB-9EE741D36EB7}.Release|x64.ActiveCfg = Release|Any CPU
		{FC320242-4F10-415B-8EEB-9EE741D36EB7}.Release|x64.Build.0 = Release|Any CPU
		{FC320242-4F10-415B-8EEB-9EE741D36EB7}.Release|x86.ActiveCfg = Release|Any CPU
		{FC320242-4F10-415B-8EEB-9EE741D36EB7}.Release|x86.Build.0 = Release|Any CPU
		{66A801AC-E514-42B5-96D2-D5668FC4D06D}.Debug|Any CPU.ActiveCfg = Debug|Any CPU
		{66A801AC-E514-42B5-96D2-D5668FC4D06D}.Debug|Any CPU.Build.0 = Debug|Any CPU
		{66A801AC-E514-42B5-96D2-D5668FC4D06D}.Debug|x64.ActiveCfg = Debug|Any CPU
		{66A801AC-E514-42B5-96D2-D5668FC4D06D}.Debug|x64.Build.0 = Debug|Any CPU
		{66A801AC-E514-42B5-96D2-D5668FC4D06D}.Debug|x86.ActiveCfg = Debug|Any CPU
		{66A801AC-E514-42B5-96D2-D5668FC4D06D}.Debug|x86.Build.0 = Debug|Any CPU
		{66A801AC-E514-42B5-96D2-D5668FC4D06D}.Release|Any CPU.ActiveCfg = Release|Any CPU
		{66A801AC-E514-42B5-96D2-D5668FC4D06D}.Release|Any CPU.Build.0 = Release|Any CPU
		{66A801AC-E514-42B5-96D2-D5668FC4D06D}.Release|x64.ActiveCfg = Release|Any CPU
		{66A801AC-E514-42B5-96D2-D5668FC4D06D}.Release|x64.Build.0 = Release|Any CPU
		{66A801AC-E514-42B5-96D2-D5668FC4D06D}.Release|x86.ActiveCfg = Release|Any CPU
		{66A801AC-E514-42B5-96D2-D5668FC4D06D}.Release|x86.Build.0 = Release|Any CPU
		{9A27A138-EFD5-49DD-9EC9-0404D8025211}.Debug|Any CPU.ActiveCfg = Debug|Any CPU
		{9A27A138-EFD5-49DD-9EC9-0404D8025211}.Debug|Any CPU.Build.0 = Debug|Any CPU
		{9A27A138-EFD5-49DD-9EC9-0404D8025211}.Debug|x64.ActiveCfg = Debug|Any CPU
		{9A27A138-EFD5-49DD-9EC9-0404D8025211}.Debug|x64.Build.0 = Debug|Any CPU
		{9A27A138-EFD5-49DD-9EC9-0404D8025211}.Debug|x86.ActiveCfg = Debug|Any CPU
		{9A27A138-EFD5-49DD-9EC9-0404D8025211}.Debug|x86.Build.0 = Debug|Any CPU
		{9A27A138-EFD5-49DD-9EC9-0404D8025211}.Release|Any CPU.ActiveCfg = Release|Any CPU
		{9A27A138-EFD5-49DD-9EC9-0404D8025211}.Release|Any CPU.Build.0 = Release|Any CPU
		{9A27A138-EFD5-49DD-9EC9-0404D8025211}.Release|x64.ActiveCfg = Release|Any CPU
		{9A27A138-EFD5-49DD-9EC9-0404D8025211}.Release|x64.Build.0 = Release|Any CPU
		{9A27A138-EFD5-49DD-9EC9-0404D8025211}.Release|x86.ActiveCfg = Release|Any CPU
		{9A27A138-EFD5-49DD-9EC9-0404D8025211}.Release|x86.Build.0 = Release|Any CPU
		{C416570A-3627-4230-8357-4089F54AF097}.Debug|Any CPU.ActiveCfg = Debug|Any CPU
		{C416570A-3627-4230-8357-4089F54AF097}.Debug|Any CPU.Build.0 = Debug|Any CPU
		{C416570A-3627-4230-8357-4089F54AF097}.Debug|x64.ActiveCfg = Debug|Any CPU
		{C416570A-3627-4230-8357-4089F54AF097}.Debug|x64.Build.0 = Debug|Any CPU
		{C416570A-3627-4230-8357-4089F54AF097}.Debug|x86.ActiveCfg = Debug|Any CPU
		{C416570A-3627-4230-8357-4089F54AF097}.Debug|x86.Build.0 = Debug|Any CPU
		{C416570A-3627-4230-8357-4089F54AF097}.Release|Any CPU.ActiveCfg = Release|Any CPU
		{C416570A-3627-4230-8357-4089F54AF097}.Release|Any CPU.Build.0 = Release|Any CPU
		{C416570A-3627-4230-8357-4089F54AF097}.Release|x64.ActiveCfg = Release|Any CPU
		{C416570A-3627-4230-8357-4089F54AF097}.Release|x64.Build.0 = Release|Any CPU
		{C416570A-3627-4230-8357-4089F54AF097}.Release|x86.ActiveCfg = Release|Any CPU
		{C416570A-3627-4230-8357-4089F54AF097}.Release|x86.Build.0 = Release|Any CPU
		{2E2AE59A-C36E-4780-8CDC-EB2121F0F111}.Debug|Any CPU.ActiveCfg = Debug|Any CPU
		{2E2AE59A-C36E-4780-8CDC-EB2121F0F111}.Debug|Any CPU.Build.0 = Debug|Any CPU
		{2E2AE59A-C36E-4780-8CDC-EB2121F0F111}.Debug|x64.ActiveCfg = Debug|Any CPU
		{2E2AE59A-C36E-4780-8CDC-EB2121F0F111}.Debug|x64.Build.0 = Debug|Any CPU
		{2E2AE59A-C36E-4780-8CDC-EB2121F0F111}.Debug|x86.ActiveCfg = Debug|Any CPU
		{2E2AE59A-C36E-4780-8CDC-EB2121F0F111}.Debug|x86.Build.0 = Debug|Any CPU
		{2E2AE59A-C36E-4780-8CDC-EB2121F0F111}.Release|Any CPU.ActiveCfg = Release|Any CPU
		{2E2AE59A-C36E-4780-8CDC-EB2121F0F111}.Release|Any CPU.Build.0 = Release|Any CPU
		{2E2AE59A-C36E-4780-8CDC-EB2121F0F111}.Release|x64.ActiveCfg = Release|Any CPU
		{2E2AE59A-C36E-4780-8CDC-EB2121F0F111}.Release|x64.Build.0 = Release|Any CPU
		{2E2AE59A-C36E-4780-8CDC-EB2121F0F111}.Release|x86.ActiveCfg = Release|Any CPU
		{2E2AE59A-C36E-4780-8CDC-EB2121F0F111}.Release|x86.Build.0 = Release|Any CPU
		{7204B2A4-EDE8-48D5-BE2F-B791A78FD44C}.Debug|Any CPU.ActiveCfg = Debug|Any CPU
		{7204B2A4-EDE8-48D5-BE2F-B791A78FD44C}.Debug|Any CPU.Build.0 = Debug|Any CPU
		{7204B2A4-EDE8-48D5-BE2F-B791A78FD44C}.Debug|x64.ActiveCfg = Debug|Any CPU
		{7204B2A4-EDE8-48D5-BE2F-B791A78FD44C}.Debug|x64.Build.0 = Debug|Any CPU
		{7204B2A4-EDE8-48D5-BE2F-B791A78FD44C}.Debug|x86.ActiveCfg = Debug|Any CPU
		{7204B2A4-EDE8-48D5-BE2F-B791A78FD44C}.Debug|x86.Build.0 = Debug|Any CPU
		{7204B2A4-EDE8-48D5-BE2F-B791A78FD44C}.Release|Any CPU.ActiveCfg = Release|Any CPU
		{7204B2A4-EDE8-48D5-BE2F-B791A78FD44C}.Release|Any CPU.Build.0 = Release|Any CPU
		{7204B2A4-EDE8-48D5-BE2F-B791A78FD44C}.Release|x64.ActiveCfg = Release|Any CPU
		{7204B2A4-EDE8-48D5-BE2F-B791A78FD44C}.Release|x64.Build.0 = Release|Any CPU
		{7204B2A4-EDE8-48D5-BE2F-B791A78FD44C}.Release|x86.ActiveCfg = Release|Any CPU
		{7204B2A4-EDE8-48D5-BE2F-B791A78FD44C}.Release|x86.Build.0 = Release|Any CPU
		{E30F3902-F1E7-4AED-8633-855C2DA4A611}.Debug|Any CPU.ActiveCfg = Debug|Any CPU
		{E30F3902-F1E7-4AED-8633-855C2DA4A611}.Debug|Any CPU.Build.0 = Debug|Any CPU
		{E30F3902-F1E7-4AED-8633-855C2DA4A611}.Debug|x64.ActiveCfg = Debug|Any CPU
		{E30F3902-F1E7-4AED-8633-855C2DA4A611}.Debug|x64.Build.0 = Debug|Any CPU
		{E30F3902-F1E7-4AED-8633-855C2DA4A611}.Debug|x86.ActiveCfg = Debug|Any CPU
		{E30F3902-F1E7-4AED-8633-855C2DA4A611}.Debug|x86.Build.0 = Debug|Any CPU
		{E30F3902-F1E7-4AED-8633-855C2DA4A611}.Release|Any CPU.ActiveCfg = Release|Any CPU
		{E30F3902-F1E7-4AED-8633-855C2DA4A611}.Release|Any CPU.Build.0 = Release|Any CPU
		{E30F3902-F1E7-4AED-8633-855C2DA4A611}.Release|x64.ActiveCfg = Release|Any CPU
		{E30F3902-F1E7-4AED-8633-855C2DA4A611}.Release|x64.Build.0 = Release|Any CPU
		{E30F3902-F1E7-4AED-8633-855C2DA4A611}.Release|x86.ActiveCfg = Release|Any CPU
		{E30F3902-F1E7-4AED-8633-855C2DA4A611}.Release|x86.Build.0 = Release|Any CPU
		{2B45FA14-FF2D-4F0C-9048-8F9FFCCD806B}.Debug|Any CPU.ActiveCfg = Debug|Any CPU
		{2B45FA14-FF2D-4F0C-9048-8F9FFCCD806B}.Debug|Any CPU.Build.0 = Debug|Any CPU
		{2B45FA14-FF2D-4F0C-9048-8F9FFCCD806B}.Debug|x64.ActiveCfg = Debug|Any CPU
		{2B45FA14-FF2D-4F0C-9048-8F9FFCCD806B}.Debug|x64.Build.0 = Debug|Any CPU
		{2B45FA14-FF2D-4F0C-9048-8F9FFCCD806B}.Debug|x86.ActiveCfg = Debug|Any CPU
		{2B45FA14-FF2D-4F0C-9048-8F9FFCCD806B}.Debug|x86.Build.0 = Debug|Any CPU
		{2B45FA14-FF2D-4F0C-9048-8F9FFCCD806B}.Release|Any CPU.ActiveCfg = Release|Any CPU
		{2B45FA14-FF2D-4F0C-9048-8F9FFCCD806B}.Release|Any CPU.Build.0 = Release|Any CPU
		{2B45FA14-FF2D-4F0C-9048-8F9FFCCD806B}.Release|x64.ActiveCfg = Release|Any CPU
		{2B45FA14-FF2D-4F0C-9048-8F9FFCCD806B}.Release|x64.Build.0 = Release|Any CPU
		{2B45FA14-FF2D-4F0C-9048-8F9FFCCD806B}.Release|x86.ActiveCfg = Release|Any CPU
		{2B45FA14-FF2D-4F0C-9048-8F9FFCCD806B}.Release|x86.Build.0 = Release|Any CPU
		{BA62B897-2DE1-42DB-80FE-D50AFC3D9FF1}.Debug|Any CPU.ActiveCfg = Debug|Any CPU
		{BA62B897-2DE1-42DB-80FE-D50AFC3D9FF1}.Debug|Any CPU.Build.0 = Debug|Any CPU
		{BA62B897-2DE1-42DB-80FE-D50AFC3D9FF1}.Debug|x64.ActiveCfg = Debug|Any CPU
		{BA62B897-2DE1-42DB-80FE-D50AFC3D9FF1}.Debug|x64.Build.0 = Debug|Any CPU
		{BA62B897-2DE1-42DB-80FE-D50AFC3D9FF1}.Debug|x86.ActiveCfg = Debug|Any CPU
		{BA62B897-2DE1-42DB-80FE-D50AFC3D9FF1}.Debug|x86.Build.0 = Debug|Any CPU
		{BA62B897-2DE1-42DB-80FE-D50AFC3D9FF1}.Release|Any CPU.ActiveCfg = Release|Any CPU
		{BA62B897-2DE1-42DB-80FE-D50AFC3D9FF1}.Release|Any CPU.Build.0 = Release|Any CPU
		{BA62B897-2DE1-42DB-80FE-D50AFC3D9FF1}.Release|x64.ActiveCfg = Release|Any CPU
		{BA62B897-2DE1-42DB-80FE-D50AFC3D9FF1}.Release|x64.Build.0 = Release|Any CPU
		{BA62B897-2DE1-42DB-80FE-D50AFC3D9FF1}.Release|x86.ActiveCfg = Release|Any CPU
		{BA62B897-2DE1-42DB-80FE-D50AFC3D9FF1}.Release|x86.Build.0 = Release|Any CPU
		{8E5FC4FD-F5DD-4BAF-BECE-0493C75C12DB}.Debug|Any CPU.ActiveCfg = Debug|Any CPU
		{8E5FC4FD-F5DD-4BAF-BECE-0493C75C12DB}.Debug|Any CPU.Build.0 = Debug|Any CPU
		{8E5FC4FD-F5DD-4BAF-BECE-0493C75C12DB}.Debug|x64.ActiveCfg = Debug|Any CPU
		{8E5FC4FD-F5DD-4BAF-BECE-0493C75C12DB}.Debug|x64.Build.0 = Debug|Any CPU
		{8E5FC4FD-F5DD-4BAF-BECE-0493C75C12DB}.Debug|x86.ActiveCfg = Debug|Any CPU
		{8E5FC4FD-F5DD-4BAF-BECE-0493C75C12DB}.Debug|x86.Build.0 = Debug|Any CPU
		{8E5FC4FD-F5DD-4BAF-BECE-0493C75C12DB}.Release|Any CPU.ActiveCfg = Release|Any CPU
		{8E5FC4FD-F5DD-4BAF-BECE-0493C75C12DB}.Release|Any CPU.Build.0 = Release|Any CPU
		{8E5FC4FD-F5DD-4BAF-BECE-0493C75C12DB}.Release|x64.ActiveCfg = Release|Any CPU
		{8E5FC4FD-F5DD-4BAF-BECE-0493C75C12DB}.Release|x64.Build.0 = Release|Any CPU
		{8E5FC4FD-F5DD-4BAF-BECE-0493C75C12DB}.Release|x86.ActiveCfg = Release|Any CPU
		{8E5FC4FD-F5DD-4BAF-BECE-0493C75C12DB}.Release|x86.Build.0 = Release|Any CPU
		{83F1AAA5-EF15-485E-A684-1A65A286797D}.Debug|Any CPU.ActiveCfg = Debug|Any CPU
		{83F1AAA5-EF15-485E-A684-1A65A286797D}.Debug|Any CPU.Build.0 = Debug|Any CPU
		{83F1AAA5-EF15-485E-A684-1A65A286797D}.Debug|x64.ActiveCfg = Debug|Any CPU
		{83F1AAA5-EF15-485E-A684-1A65A286797D}.Debug|x64.Build.0 = Debug|Any CPU
		{83F1AAA5-EF15-485E-A684-1A65A286797D}.Debug|x86.ActiveCfg = Debug|Any CPU
		{83F1AAA5-EF15-485E-A684-1A65A286797D}.Debug|x86.Build.0 = Debug|Any CPU
		{83F1AAA5-EF15-485E-A684-1A65A286797D}.Release|Any CPU.ActiveCfg = Release|Any CPU
		{83F1AAA5-EF15-485E-A684-1A65A286797D}.Release|Any CPU.Build.0 = Release|Any CPU
		{83F1AAA5-EF15-485E-A684-1A65A286797D}.Release|x64.ActiveCfg = Release|Any CPU
		{83F1AAA5-EF15-485E-A684-1A65A286797D}.Release|x64.Build.0 = Release|Any CPU
		{83F1AAA5-EF15-485E-A684-1A65A286797D}.Release|x86.ActiveCfg = Release|Any CPU
		{83F1AAA5-EF15-485E-A684-1A65A286797D}.Release|x86.Build.0 = Release|Any CPU
		{930981E2-1BBA-4DF0-B6FE-110AB9833DA2}.Debug|Any CPU.ActiveCfg = Debug|Any CPU
		{930981E2-1BBA-4DF0-B6FE-110AB9833DA2}.Debug|Any CPU.Build.0 = Debug|Any CPU
		{930981E2-1BBA-4DF0-B6FE-110AB9833DA2}.Debug|x64.ActiveCfg = Debug|Any CPU
		{930981E2-1BBA-4DF0-B6FE-110AB9833DA2}.Debug|x64.Build.0 = Debug|Any CPU
		{930981E2-1BBA-4DF0-B6FE-110AB9833DA2}.Debug|x86.ActiveCfg = Debug|Any CPU
		{930981E2-1BBA-4DF0-B6FE-110AB9833DA2}.Debug|x86.Build.0 = Debug|Any CPU
		{930981E2-1BBA-4DF0-B6FE-110AB9833DA2}.Release|Any CPU.ActiveCfg = Release|Any CPU
		{930981E2-1BBA-4DF0-B6FE-110AB9833DA2}.Release|Any CPU.Build.0 = Release|Any CPU
		{930981E2-1BBA-4DF0-B6FE-110AB9833DA2}.Release|x64.ActiveCfg = Release|Any CPU
		{930981E2-1BBA-4DF0-B6FE-110AB9833DA2}.Release|x64.Build.0 = Release|Any CPU
		{930981E2-1BBA-4DF0-B6FE-110AB9833DA2}.Release|x86.ActiveCfg = Release|Any CPU
		{930981E2-1BBA-4DF0-B6FE-110AB9833DA2}.Release|x86.Build.0 = Release|Any CPU
		{9C826328-D03B-461A-BB24-26559A4717D2}.Debug|Any CPU.ActiveCfg = Debug|Any CPU
		{9C826328-D03B-461A-BB24-26559A4717D2}.Debug|Any CPU.Build.0 = Debug|Any CPU
		{9C826328-D03B-461A-BB24-26559A4717D2}.Debug|x64.ActiveCfg = Debug|Any CPU
		{9C826328-D03B-461A-BB24-26559A4717D2}.Debug|x64.Build.0 = Debug|Any CPU
		{9C826328-D03B-461A-BB24-26559A4717D2}.Debug|x86.ActiveCfg = Debug|Any CPU
		{9C826328-D03B-461A-BB24-26559A4717D2}.Debug|x86.Build.0 = Debug|Any CPU
		{9C826328-D03B-461A-BB24-26559A4717D2}.Release|Any CPU.ActiveCfg = Release|Any CPU
		{9C826328-D03B-461A-BB24-26559A4717D2}.Release|Any CPU.Build.0 = Release|Any CPU
		{9C826328-D03B-461A-BB24-26559A4717D2}.Release|x64.ActiveCfg = Release|Any CPU
		{9C826328-D03B-461A-BB24-26559A4717D2}.Release|x64.Build.0 = Release|Any CPU
		{9C826328-D03B-461A-BB24-26559A4717D2}.Release|x86.ActiveCfg = Release|Any CPU
		{9C826328-D03B-461A-BB24-26559A4717D2}.Release|x86.Build.0 = Release|Any CPU
		{FB352FF2-45E0-4656-964C-95C6B01905E3}.Debug|Any CPU.ActiveCfg = Debug|Any CPU
		{FB352FF2-45E0-4656-964C-95C6B01905E3}.Debug|Any CPU.Build.0 = Debug|Any CPU
		{FB352FF2-45E0-4656-964C-95C6B01905E3}.Debug|x64.ActiveCfg = Debug|Any CPU
		{FB352FF2-45E0-4656-964C-95C6B01905E3}.Debug|x64.Build.0 = Debug|Any CPU
		{FB352FF2-45E0-4656-964C-95C6B01905E3}.Debug|x86.ActiveCfg = Debug|Any CPU
		{FB352FF2-45E0-4656-964C-95C6B01905E3}.Debug|x86.Build.0 = Debug|Any CPU
		{FB352FF2-45E0-4656-964C-95C6B01905E3}.Release|Any CPU.ActiveCfg = Release|Any CPU
		{FB352FF2-45E0-4656-964C-95C6B01905E3}.Release|Any CPU.Build.0 = Release|Any CPU
		{FB352FF2-45E0-4656-964C-95C6B01905E3}.Release|x64.ActiveCfg = Release|Any CPU
		{FB352FF2-45E0-4656-964C-95C6B01905E3}.Release|x64.Build.0 = Release|Any CPU
		{FB352FF2-45E0-4656-964C-95C6B01905E3}.Release|x86.ActiveCfg = Release|Any CPU
		{FB352FF2-45E0-4656-964C-95C6B01905E3}.Release|x86.Build.0 = Release|Any CPU
		{71B93685-A36A-42F6-ADAC-51F74E593C33}.Debug|Any CPU.ActiveCfg = Debug|Any CPU
		{71B93685-A36A-42F6-ADAC-51F74E593C33}.Debug|Any CPU.Build.0 = Debug|Any CPU
		{71B93685-A36A-42F6-ADAC-51F74E593C33}.Debug|x64.ActiveCfg = Debug|Any CPU
		{71B93685-A36A-42F6-ADAC-51F74E593C33}.Debug|x64.Build.0 = Debug|Any CPU
		{71B93685-A36A-42F6-ADAC-51F74E593C33}.Debug|x86.ActiveCfg = Debug|Any CPU
		{71B93685-A36A-42F6-ADAC-51F74E593C33}.Debug|x86.Build.0 = Debug|Any CPU
		{71B93685-A36A-42F6-ADAC-51F74E593C33}.Release|Any CPU.ActiveCfg = Release|Any CPU
		{71B93685-A36A-42F6-ADAC-51F74E593C33}.Release|Any CPU.Build.0 = Release|Any CPU
		{71B93685-A36A-42F6-ADAC-51F74E593C33}.Release|x64.ActiveCfg = Release|Any CPU
		{71B93685-A36A-42F6-ADAC-51F74E593C33}.Release|x64.Build.0 = Release|Any CPU
		{71B93685-A36A-42F6-ADAC-51F74E593C33}.Release|x86.ActiveCfg = Release|Any CPU
		{71B93685-A36A-42F6-ADAC-51F74E593C33}.Release|x86.Build.0 = Release|Any CPU
		{02C9E9B5-B225-44F7-BBF5-2644E17AA175}.Debug|Any CPU.ActiveCfg = Debug|Any CPU
		{02C9E9B5-B225-44F7-BBF5-2644E17AA175}.Debug|Any CPU.Build.0 = Debug|Any CPU
		{02C9E9B5-B225-44F7-BBF5-2644E17AA175}.Debug|x64.ActiveCfg = Debug|Any CPU
		{02C9E9B5-B225-44F7-BBF5-2644E17AA175}.Debug|x64.Build.0 = Debug|Any CPU
		{02C9E9B5-B225-44F7-BBF5-2644E17AA175}.Debug|x86.ActiveCfg = Debug|Any CPU
		{02C9E9B5-B225-44F7-BBF5-2644E17AA175}.Debug|x86.Build.0 = Debug|Any CPU
		{02C9E9B5-B225-44F7-BBF5-2644E17AA175}.Release|Any CPU.ActiveCfg = Release|Any CPU
		{02C9E9B5-B225-44F7-BBF5-2644E17AA175}.Release|Any CPU.Build.0 = Release|Any CPU
		{02C9E9B5-B225-44F7-BBF5-2644E17AA175}.Release|x64.ActiveCfg = Release|Any CPU
		{02C9E9B5-B225-44F7-BBF5-2644E17AA175}.Release|x64.Build.0 = Release|Any CPU
		{02C9E9B5-B225-44F7-BBF5-2644E17AA175}.Release|x86.ActiveCfg = Release|Any CPU
		{02C9E9B5-B225-44F7-BBF5-2644E17AA175}.Release|x86.Build.0 = Release|Any CPU
		{83B6E87F-45D8-422A-B17F-1073658E31BB}.Debug|Any CPU.ActiveCfg = Debug|Any CPU
		{83B6E87F-45D8-422A-B17F-1073658E31BB}.Debug|Any CPU.Build.0 = Debug|Any CPU
		{83B6E87F-45D8-422A-B17F-1073658E31BB}.Debug|x64.ActiveCfg = Debug|Any CPU
		{83B6E87F-45D8-422A-B17F-1073658E31BB}.Debug|x64.Build.0 = Debug|Any CPU
		{83B6E87F-45D8-422A-B17F-1073658E31BB}.Debug|x86.ActiveCfg = Debug|Any CPU
		{83B6E87F-45D8-422A-B17F-1073658E31BB}.Debug|x86.Build.0 = Debug|Any CPU
		{83B6E87F-45D8-422A-B17F-1073658E31BB}.Release|Any CPU.ActiveCfg = Release|Any CPU
		{83B6E87F-45D8-422A-B17F-1073658E31BB}.Release|Any CPU.Build.0 = Release|Any CPU
		{83B6E87F-45D8-422A-B17F-1073658E31BB}.Release|x64.ActiveCfg = Release|Any CPU
		{83B6E87F-45D8-422A-B17F-1073658E31BB}.Release|x64.Build.0 = Release|Any CPU
		{83B6E87F-45D8-422A-B17F-1073658E31BB}.Release|x86.ActiveCfg = Release|Any CPU
		{83B6E87F-45D8-422A-B17F-1073658E31BB}.Release|x86.Build.0 = Release|Any CPU
		{A6A077A0-D0E0-41C2-B8A1-FA92AB504896}.Debug|Any CPU.ActiveCfg = Debug|Any CPU
		{A6A077A0-D0E0-41C2-B8A1-FA92AB504896}.Debug|Any CPU.Build.0 = Debug|Any CPU
		{A6A077A0-D0E0-41C2-B8A1-FA92AB504896}.Debug|x64.ActiveCfg = Debug|Any CPU
		{A6A077A0-D0E0-41C2-B8A1-FA92AB504896}.Debug|x64.Build.0 = Debug|Any CPU
		{A6A077A0-D0E0-41C2-B8A1-FA92AB504896}.Debug|x86.ActiveCfg = Debug|Any CPU
		{A6A077A0-D0E0-41C2-B8A1-FA92AB504896}.Debug|x86.Build.0 = Debug|Any CPU
		{A6A077A0-D0E0-41C2-B8A1-FA92AB504896}.Release|Any CPU.ActiveCfg = Release|Any CPU
		{A6A077A0-D0E0-41C2-B8A1-FA92AB504896}.Release|Any CPU.Build.0 = Release|Any CPU
		{A6A077A0-D0E0-41C2-B8A1-FA92AB504896}.Release|x64.ActiveCfg = Release|Any CPU
		{A6A077A0-D0E0-41C2-B8A1-FA92AB504896}.Release|x64.Build.0 = Release|Any CPU
		{A6A077A0-D0E0-41C2-B8A1-FA92AB504896}.Release|x86.ActiveCfg = Release|Any CPU
		{A6A077A0-D0E0-41C2-B8A1-FA92AB504896}.Release|x86.Build.0 = Release|Any CPU
		{94B6117C-4669-473A-8D02-0F59FC34824A}.Debug|Any CPU.ActiveCfg = Debug|Any CPU
		{94B6117C-4669-473A-8D02-0F59FC34824A}.Debug|Any CPU.Build.0 = Debug|Any CPU
		{94B6117C-4669-473A-8D02-0F59FC34824A}.Debug|x64.ActiveCfg = Debug|Any CPU
		{94B6117C-4669-473A-8D02-0F59FC34824A}.Debug|x64.Build.0 = Debug|Any CPU
		{94B6117C-4669-473A-8D02-0F59FC34824A}.Debug|x86.ActiveCfg = Debug|Any CPU
		{94B6117C-4669-473A-8D02-0F59FC34824A}.Debug|x86.Build.0 = Debug|Any CPU
		{94B6117C-4669-473A-8D02-0F59FC34824A}.Release|Any CPU.ActiveCfg = Release|Any CPU
		{94B6117C-4669-473A-8D02-0F59FC34824A}.Release|Any CPU.Build.0 = Release|Any CPU
		{94B6117C-4669-473A-8D02-0F59FC34824A}.Release|x64.ActiveCfg = Release|Any CPU
		{94B6117C-4669-473A-8D02-0F59FC34824A}.Release|x64.Build.0 = Release|Any CPU
		{94B6117C-4669-473A-8D02-0F59FC34824A}.Release|x86.ActiveCfg = Release|Any CPU
		{94B6117C-4669-473A-8D02-0F59FC34824A}.Release|x86.Build.0 = Release|Any CPU
		{0FF045DA-BA5D-4EFA-908F-5DA505E0F6F0}.Debug|Any CPU.ActiveCfg = Debug|Any CPU
		{0FF045DA-BA5D-4EFA-908F-5DA505E0F6F0}.Debug|Any CPU.Build.0 = Debug|Any CPU
		{0FF045DA-BA5D-4EFA-908F-5DA505E0F6F0}.Debug|x64.ActiveCfg = Debug|Any CPU
		{0FF045DA-BA5D-4EFA-908F-5DA505E0F6F0}.Debug|x64.Build.0 = Debug|Any CPU
		{0FF045DA-BA5D-4EFA-908F-5DA505E0F6F0}.Debug|x86.ActiveCfg = Debug|Any CPU
		{0FF045DA-BA5D-4EFA-908F-5DA505E0F6F0}.Debug|x86.Build.0 = Debug|Any CPU
		{0FF045DA-BA5D-4EFA-908F-5DA505E0F6F0}.Release|Any CPU.ActiveCfg = Release|Any CPU
		{0FF045DA-BA5D-4EFA-908F-5DA505E0F6F0}.Release|Any CPU.Build.0 = Release|Any CPU
		{0FF045DA-BA5D-4EFA-908F-5DA505E0F6F0}.Release|x64.ActiveCfg = Release|Any CPU
		{0FF045DA-BA5D-4EFA-908F-5DA505E0F6F0}.Release|x64.Build.0 = Release|Any CPU
		{0FF045DA-BA5D-4EFA-908F-5DA505E0F6F0}.Release|x86.ActiveCfg = Release|Any CPU
		{0FF045DA-BA5D-4EFA-908F-5DA505E0F6F0}.Release|x86.Build.0 = Release|Any CPU
		{3C053022-5189-4F8E-9337-47A12D58434B}.Debug|Any CPU.ActiveCfg = Debug|Any CPU
		{3C053022-5189-4F8E-9337-47A12D58434B}.Debug|Any CPU.Build.0 = Debug|Any CPU
		{3C053022-5189-4F8E-9337-47A12D58434B}.Debug|x64.ActiveCfg = Debug|Any CPU
		{3C053022-5189-4F8E-9337-47A12D58434B}.Debug|x64.Build.0 = Debug|Any CPU
		{3C053022-5189-4F8E-9337-47A12D58434B}.Debug|x86.ActiveCfg = Debug|Any CPU
		{3C053022-5189-4F8E-9337-47A12D58434B}.Debug|x86.Build.0 = Debug|Any CPU
		{3C053022-5189-4F8E-9337-47A12D58434B}.Release|Any CPU.ActiveCfg = Release|Any CPU
		{3C053022-5189-4F8E-9337-47A12D58434B}.Release|Any CPU.Build.0 = Release|Any CPU
		{3C053022-5189-4F8E-9337-47A12D58434B}.Release|x64.ActiveCfg = Release|Any CPU
		{3C053022-5189-4F8E-9337-47A12D58434B}.Release|x64.Build.0 = Release|Any CPU
		{3C053022-5189-4F8E-9337-47A12D58434B}.Release|x86.ActiveCfg = Release|Any CPU
		{3C053022-5189-4F8E-9337-47A12D58434B}.Release|x86.Build.0 = Release|Any CPU
		{2426A0AE-3239-449E-A9C0-315025B2BBC0}.Debug|Any CPU.ActiveCfg = Debug|Any CPU
		{2426A0AE-3239-449E-A9C0-315025B2BBC0}.Debug|Any CPU.Build.0 = Debug|Any CPU
		{2426A0AE-3239-449E-A9C0-315025B2BBC0}.Debug|x64.ActiveCfg = Debug|Any CPU
		{2426A0AE-3239-449E-A9C0-315025B2BBC0}.Debug|x64.Build.0 = Debug|Any CPU
		{2426A0AE-3239-449E-A9C0-315025B2BBC0}.Debug|x86.ActiveCfg = Debug|Any CPU
		{2426A0AE-3239-449E-A9C0-315025B2BBC0}.Debug|x86.Build.0 = Debug|Any CPU
		{2426A0AE-3239-449E-A9C0-315025B2BBC0}.Release|Any CPU.ActiveCfg = Release|Any CPU
		{2426A0AE-3239-449E-A9C0-315025B2BBC0}.Release|Any CPU.Build.0 = Release|Any CPU
		{2426A0AE-3239-449E-A9C0-315025B2BBC0}.Release|x64.ActiveCfg = Release|Any CPU
		{2426A0AE-3239-449E-A9C0-315025B2BBC0}.Release|x64.Build.0 = Release|Any CPU
		{2426A0AE-3239-449E-A9C0-315025B2BBC0}.Release|x86.ActiveCfg = Release|Any CPU
		{2426A0AE-3239-449E-A9C0-315025B2BBC0}.Release|x86.Build.0 = Release|Any CPU
		{7A3489E2-D70C-417F-9250-5414104A48FD}.Debug|Any CPU.ActiveCfg = Debug|Any CPU
		{7A3489E2-D70C-417F-9250-5414104A48FD}.Debug|Any CPU.Build.0 = Debug|Any CPU
		{7A3489E2-D70C-417F-9250-5414104A48FD}.Debug|x64.ActiveCfg = Debug|Any CPU
		{7A3489E2-D70C-417F-9250-5414104A48FD}.Debug|x64.Build.0 = Debug|Any CPU
		{7A3489E2-D70C-417F-9250-5414104A48FD}.Debug|x86.ActiveCfg = Debug|Any CPU
		{7A3489E2-D70C-417F-9250-5414104A48FD}.Debug|x86.Build.0 = Debug|Any CPU
		{7A3489E2-D70C-417F-9250-5414104A48FD}.Release|Any CPU.ActiveCfg = Release|Any CPU
		{7A3489E2-D70C-417F-9250-5414104A48FD}.Release|Any CPU.Build.0 = Release|Any CPU
		{7A3489E2-D70C-417F-9250-5414104A48FD}.Release|x64.ActiveCfg = Release|Any CPU
		{7A3489E2-D70C-417F-9250-5414104A48FD}.Release|x64.Build.0 = Release|Any CPU
		{7A3489E2-D70C-417F-9250-5414104A48FD}.Release|x86.ActiveCfg = Release|Any CPU
		{7A3489E2-D70C-417F-9250-5414104A48FD}.Release|x86.Build.0 = Release|Any CPU
		{E1670ACF-1607-4F27-9D72-2785ADE4154F}.Debug|Any CPU.ActiveCfg = Debug|Any CPU
		{E1670ACF-1607-4F27-9D72-2785ADE4154F}.Debug|Any CPU.Build.0 = Debug|Any CPU
		{E1670ACF-1607-4F27-9D72-2785ADE4154F}.Debug|x64.ActiveCfg = Debug|Any CPU
		{E1670ACF-1607-4F27-9D72-2785ADE4154F}.Debug|x64.Build.0 = Debug|Any CPU
		{E1670ACF-1607-4F27-9D72-2785ADE4154F}.Debug|x86.ActiveCfg = Debug|Any CPU
		{E1670ACF-1607-4F27-9D72-2785ADE4154F}.Debug|x86.Build.0 = Debug|Any CPU
		{E1670ACF-1607-4F27-9D72-2785ADE4154F}.Release|Any CPU.ActiveCfg = Release|Any CPU
		{E1670ACF-1607-4F27-9D72-2785ADE4154F}.Release|Any CPU.Build.0 = Release|Any CPU
		{E1670ACF-1607-4F27-9D72-2785ADE4154F}.Release|x64.ActiveCfg = Release|Any CPU
		{E1670ACF-1607-4F27-9D72-2785ADE4154F}.Release|x64.Build.0 = Release|Any CPU
		{E1670ACF-1607-4F27-9D72-2785ADE4154F}.Release|x86.ActiveCfg = Release|Any CPU
		{E1670ACF-1607-4F27-9D72-2785ADE4154F}.Release|x86.Build.0 = Release|Any CPU
	EndGlobalSection
	GlobalSection(SolutionProperties) = preSolution
		HideSolutionNode = FALSE
	EndGlobalSection
	GlobalSection(ExtensibilityGlobals) = postSolution
		SolutionGuid = {A79BDB5D-6A2A-48A6-B889-A06AB0225A1E}
	EndGlobalSection
EndGlobal
